// !$*UTF8*$!
{
	archiveVersion = 1;
	classes = {
	};
	objectVersion = 46;
	objects = {

/* Begin PBXBuildFile section */
		6462EFB5C1F5942FF404CED0 /* Pods_chat.framework in Frameworks */ = {isa = PBXBuildFile; fileRef = 7D7096AFB3A1878C09900A65 /* Pods_chat.framework */; };
		860D7DE11DE97AD400769E6D /* LoginController.swift in Sources */ = {isa = PBXBuildFile; fileRef = 860D7DE01DE97AD400769E6D /* LoginController.swift */; };
		860D7DE41DE97BA000769E6D /* extension.swift in Sources */ = {isa = PBXBuildFile; fileRef = 860D7DE31DE97BA000769E6D /* extension.swift */; };
		8613DE451DF5203B00CA21A2 /* NewMessageController.swift in Sources */ = {isa = PBXBuildFile; fileRef = 8613DE441DF5203B00CA21A2 /* NewMessageController.swift */; };
		8613DE481DF52BA600CA21A2 /* User.swift in Sources */ = {isa = PBXBuildFile; fileRef = 8613DE471DF52BA600CA21A2 /* User.swift */; };
		86A5CD781DEEBDFC00CCE842 /* GoogleService-Info.plist in Resources */ = {isa = PBXBuildFile; fileRef = 86A5CD771DEEBDFC00CCE842 /* GoogleService-Info.plist */; };
		86AC58FA1DED2209004BEFC2 /* fina_font.ttf in Resources */ = {isa = PBXBuildFile; fileRef = 86AC58F91DED2209004BEFC2 /* fina_font.ttf */; };
		86AC58FD1DED28A8004BEFC2 /* ZefaniStencil-Regular.otf in Resources */ = {isa = PBXBuildFile; fileRef = 86AC58FB1DED28A8004BEFC2 /* ZefaniStencil-Regular.otf */; };
		86AC59001DED2BD6004BEFC2 /* Monthoers.otf in Resources */ = {isa = PBXBuildFile; fileRef = 86AC58FF1DED2BD6004BEFC2 /* Monthoers.otf */; };
		86E8553F1DF568DE006B1A2F /* LoginController+handlers.swift in Sources */ = {isa = PBXBuildFile; fileRef = 86E8553E1DF568DE006B1A2F /* LoginController+handlers.swift */; };
		86FC5CF21DE722EA003D96A1 /* AppDelegate.swift in Sources */ = {isa = PBXBuildFile; fileRef = 86FC5CF11DE722EA003D96A1 /* AppDelegate.swift */; };
		86FC5CF41DE722EA003D96A1 /* MessagesController.swift in Sources */ = {isa = PBXBuildFile; fileRef = 86FC5CF31DE722EA003D96A1 /* MessagesController.swift */; };
		86FC5CF71DE722EA003D96A1 /* Main.storyboard in Resources */ = {isa = PBXBuildFile; fileRef = 86FC5CF51DE722EA003D96A1 /* Main.storyboard */; };
		86FC5CF91DE722EA003D96A1 /* Assets.xcassets in Resources */ = {isa = PBXBuildFile; fileRef = 86FC5CF81DE722EA003D96A1 /* Assets.xcassets */; };
		86FC5CFC1DE722EA003D96A1 /* LaunchScreen.storyboard in Resources */ = {isa = PBXBuildFile; fileRef = 86FC5CFA1DE722EA003D96A1 /* LaunchScreen.storyboard */; };
/* End PBXBuildFile section */

/* Begin PBXFileReference section */
		7D7096AFB3A1878C09900A65 /* Pods_chat.framework */ = {isa = PBXFileReference; explicitFileType = wrapper.framework; includeInIndex = 0; path = Pods_chat.framework; sourceTree = BUILT_PRODUCTS_DIR; };
		860D7DE01DE97AD400769E6D /* LoginController.swift */ = {isa = PBXFileReference; fileEncoding = 4; lastKnownFileType = sourcecode.swift; name = LoginController.swift; path = ../LoginController.swift; sourceTree = "<group>"; };
		860D7DE31DE97BA000769E6D /* extension.swift */ = {isa = PBXFileReference; fileEncoding = 4; lastKnownFileType = sourcecode.swift; name = extension.swift; path = ../extension.swift; sourceTree = "<group>"; };
		8613DE441DF5203B00CA21A2 /* NewMessageController.swift */ = {isa = PBXFileReference; fileEncoding = 4; lastKnownFileType = sourcecode.swift; path = NewMessageController.swift; sourceTree = "<group>"; };
		8613DE471DF52BA600CA21A2 /* User.swift */ = {isa = PBXFileReference; fileEncoding = 4; lastKnownFileType = sourcecode.swift; path = User.swift; sourceTree = "<group>"; };
		86A5CD771DEEBDFC00CCE842 /* GoogleService-Info.plist */ = {isa = PBXFileReference; fileEncoding = 4; lastKnownFileType = text.plist.xml; path = "GoogleService-Info.plist"; sourceTree = "<group>"; };
		86AC58F91DED2209004BEFC2 /* fina_font.ttf */ = {isa = PBXFileReference; lastKnownFileType = file; path = fina_font.ttf; sourceTree = "<group>"; };
		86AC58FB1DED28A8004BEFC2 /* ZefaniStencil-Regular.otf */ = {isa = PBXFileReference; lastKnownFileType = file; path = "ZefaniStencil-Regular.otf"; sourceTree = "<group>"; };
		86AC58FF1DED2BD6004BEFC2 /* Monthoers.otf */ = {isa = PBXFileReference; lastKnownFileType = file; path = Monthoers.otf; sourceTree = "<group>"; };
		86E8553E1DF568DE006B1A2F /* LoginController+handlers.swift */ = {isa = PBXFileReference; fileEncoding = 4; lastKnownFileType = sourcecode.swift; path = "LoginController+handlers.swift"; sourceTree = "<group>"; };
		86FC5CEE1DE722EA003D96A1 /* chat.app */ = {isa = PBXFileReference; explicitFileType = wrapper.application; includeInIndex = 0; path = chat.app; sourceTree = BUILT_PRODUCTS_DIR; };
		86FC5CF11DE722EA003D96A1 /* AppDelegate.swift */ = {isa = PBXFileReference; lastKnownFileType = sourcecode.swift; path = AppDelegate.swift; sourceTree = "<group>"; };
		86FC5CF31DE722EA003D96A1 /* MessagesController.swift */ = {isa = PBXFileReference; lastKnownFileType = sourcecode.swift; path = MessagesController.swift; sourceTree = "<group>"; };
		86FC5CF61DE722EA003D96A1 /* Base */ = {isa = PBXFileReference; lastKnownFileType = file.storyboard; name = Base; path = Base.lproj/Main.storyboard; sourceTree = "<group>"; };
		86FC5CF81DE722EA003D96A1 /* Assets.xcassets */ = {isa = PBXFileReference; lastKnownFileType = folder.assetcatalog; path = Assets.xcassets; sourceTree = "<group>"; };
		86FC5CFB1DE722EA003D96A1 /* Base */ = {isa = PBXFileReference; lastKnownFileType = file.storyboard; name = Base; path = Base.lproj/LaunchScreen.storyboard; sourceTree = "<group>"; };
		86FC5CFD1DE722EA003D96A1 /* Info.plist */ = {isa = PBXFileReference; lastKnownFileType = text.plist.xml; path = Info.plist; sourceTree = "<group>"; };
		9746F48C0CD83EA73788C7D3 /* Pods-chat.release.xcconfig */ = {isa = PBXFileReference; includeInIndex = 1; lastKnownFileType = text.xcconfig; name = "Pods-chat.release.xcconfig"; path = "Pods/Target Support Files/Pods-chat/Pods-chat.release.xcconfig"; sourceTree = "<group>"; };
		E36F116D7F59AA695F9433CA /* Pods-chat.debug.xcconfig */ = {isa = PBXFileReference; includeInIndex = 1; lastKnownFileType = text.xcconfig; name = "Pods-chat.debug.xcconfig"; path = "Pods/Target Support Files/Pods-chat/Pods-chat.debug.xcconfig"; sourceTree = "<group>"; };
/* End PBXFileReference section */

/* Begin PBXFrameworksBuildPhase section */
		86FC5CEB1DE722EA003D96A1 /* Frameworks */ = {
			isa = PBXFrameworksBuildPhase;
			buildActionMask = 2147483647;
			files = (
				6462EFB5C1F5942FF404CED0 /* Pods_chat.framework in Frameworks */,
			);
			runOnlyForDeploymentPostprocessing = 0;
		};
/* End PBXFrameworksBuildPhase section */

/* Begin PBXGroup section */
		860D7DE21DE97B5500769E6D /* supporting File */ = {
			isa = PBXGroup;
			children = (
				86A5CD771DEEBDFC00CCE842 /* GoogleService-Info.plist */,
				86AC59011DED2BDE004BEFC2 /* font */,
				86FC5CF51DE722EA003D96A1 /* Main.storyboard */,
				86FC5CFA1DE722EA003D96A1 /* LaunchScreen.storyboard */,
				86FC5CFD1DE722EA003D96A1 /* Info.plist */,
			);
			name = "supporting File";
			sourceTree = "<group>";
		};
		8613DE461DF52B6000CA21A2 /* Model */ = {
			isa = PBXGroup;
			children = (
				8613DE471DF52BA600CA21A2 /* User.swift */,
			);
			name = Model;
			sourceTree = "<group>";
		};
		8648494C1DF6D0600050F416 /* Helpers */ = {
			isa = PBXGroup;
			children = (
				860D7DE31DE97BA000769E6D /* extension.swift */,
			);
			name = Helpers;
			sourceTree = "<group>";
		};
		86AC59011DED2BDE004BEFC2 /* font */ = {
			isa = PBXGroup;
			children = (
				86AC58F91DED2209004BEFC2 /* fina_font.ttf */,
				86AC58FF1DED2BD6004BEFC2 /* Monthoers.otf */,
				86AC58FB1DED28A8004BEFC2 /* ZefaniStencil-Regular.otf */,
			);
			name = font;
			sourceTree = "<group>";
		};
		86FC5CE51DE722EA003D96A1 = {
			isa = PBXGroup;
			children = (
				86FC5CF01DE722EA003D96A1 /* chat */,
				86FC5CEF1DE722EA003D96A1 /* Products */,
				F134FE26D2C247D01B6ED0A3 /* Pods */,
				D8A3DC49205F25992CF0B517 /* Frameworks */,
			);
			sourceTree = "<group>";
		};
		86FC5CEF1DE722EA003D96A1 /* Products */ = {
			isa = PBXGroup;
			children = (
				86FC5CEE1DE722EA003D96A1 /* chat.app */,
			);
			name = Products;
			sourceTree = "<group>";
		};
		86FC5CF01DE722EA003D96A1 /* chat */ = {
			isa = PBXGroup;
			children = (
				8648494C1DF6D0600050F416 /* Helpers */,
				8613DE461DF52B6000CA21A2 /* Model */,
				86FC5CF11DE722EA003D96A1 /* AppDelegate.swift */,
				86FC5CF31DE722EA003D96A1 /* MessagesController.swift */,
				860D7DE01DE97AD400769E6D /* LoginController.swift */,
				86E8553E1DF568DE006B1A2F /* LoginController+handlers.swift */,
				8613DE441DF5203B00CA21A2 /* NewMessageController.swift */,
				86FC5CF81DE722EA003D96A1 /* Assets.xcassets */,
				860D7DE21DE97B5500769E6D /* supporting File */,
			);
			path = chat;
			sourceTree = "<group>";
		};
		D8A3DC49205F25992CF0B517 /* Frameworks */ = {
			isa = PBXGroup;
			children = (
				7D7096AFB3A1878C09900A65 /* Pods_chat.framework */,
			);
			name = Frameworks;
			sourceTree = "<group>";
		};
		F134FE26D2C247D01B6ED0A3 /* Pods */ = {
			isa = PBXGroup;
			children = (
				E36F116D7F59AA695F9433CA /* Pods-chat.debug.xcconfig */,
				9746F48C0CD83EA73788C7D3 /* Pods-chat.release.xcconfig */,
			);
			name = Pods;
			sourceTree = "<group>";
		};
/* End PBXGroup section */

/* Begin PBXNativeTarget section */
		86FC5CED1DE722EA003D96A1 /* chat */ = {
			isa = PBXNativeTarget;
			buildConfigurationList = 86FC5D001DE722EA003D96A1 /* Build configuration list for PBXNativeTarget "chat" */;
			buildPhases = (
				2446C0EA404E0E537F4C0A9E /* [CP] Check Pods Manifest.lock */,
				86FC5CEA1DE722EA003D96A1 /* Sources */,
				86FC5CEB1DE722EA003D96A1 /* Frameworks */,
				86FC5CEC1DE722EA003D96A1 /* Resources */,
				E158409F44DCF4C2FC926B83 /* [CP] Embed Pods Frameworks */,
				675B318F6A887161F6BB0382 /* [CP] Copy Pods Resources */,
			);
			buildRules = (
			);
			dependencies = (
			);
			name = chat;
			productName = chat;
			productReference = 86FC5CEE1DE722EA003D96A1 /* chat.app */;
			productType = "com.apple.product-type.application";
		};
/* End PBXNativeTarget section */

/* Begin PBXProject section */
		86FC5CE61DE722EA003D96A1 /* Project object */ = {
			isa = PBXProject;
			attributes = {
				LastSwiftUpdateCheck = 0810;
				LastUpgradeCheck = 0810;
				ORGANIZATIONNAME = "Chiang Chuan";
				TargetAttributes = {
					86FC5CED1DE722EA003D96A1 = {
						CreatedOnToolsVersion = 8.1;
						DevelopmentTeam = NKH8NVM22B;
						ProvisioningStyle = Automatic;
					};
				};
			};
			buildConfigurationList = 86FC5CE91DE722EA003D96A1 /* Build configuration list for PBXProject "chat" */;
			compatibilityVersion = "Xcode 3.2";
			developmentRegion = English;
			hasScannedForEncodings = 0;
			knownRegions = (
				en,
				Base,
			);
			mainGroup = 86FC5CE51DE722EA003D96A1;
			productRefGroup = 86FC5CEF1DE722EA003D96A1 /* Products */;
			projectDirPath = "";
			projectRoot = "";
			targets = (
				86FC5CED1DE722EA003D96A1 /* chat */,
			);
		};
/* End PBXProject section */

/* Begin PBXResourcesBuildPhase section */
		86FC5CEC1DE722EA003D96A1 /* Resources */ = {
			isa = PBXResourcesBuildPhase;
			buildActionMask = 2147483647;
			files = (
				86AC58FD1DED28A8004BEFC2 /* ZefaniStencil-Regular.otf in Resources */,
				86A5CD781DEEBDFC00CCE842 /* GoogleService-Info.plist in Resources */,
				86FC5CFC1DE722EA003D96A1 /* LaunchScreen.storyboard in Resources */,
				86AC58FA1DED2209004BEFC2 /* fina_font.ttf in Resources */,
				86FC5CF91DE722EA003D96A1 /* Assets.xcassets in Resources */,
				86FC5CF71DE722EA003D96A1 /* Main.storyboard in Resources */,
				86AC59001DED2BD6004BEFC2 /* Monthoers.otf in Resources */,
			);
			runOnlyForDeploymentPostprocessing = 0;
		};
/* End PBXResourcesBuildPhase section */

/* Begin PBXShellScriptBuildPhase section */
		2446C0EA404E0E537F4C0A9E /* [CP] Check Pods Manifest.lock */ = {
			isa = PBXShellScriptBuildPhase;
			buildActionMask = 2147483647;
			files = (
			);
			inputPaths = (
			);
			name = "[CP] Check Pods Manifest.lock";
			outputPaths = (
			);
			runOnlyForDeploymentPostprocessing = 0;
			shellPath = /bin/sh;
			shellScript = "diff \"${PODS_ROOT}/../Podfile.lock\" \"${PODS_ROOT}/Manifest.lock\" > /dev/null\nif [ $? != 0 ] ; then\n    # print error to STDERR\n    echo \"error: The sandbox is not in sync with the Podfile.lock. Run 'pod install' or update your CocoaPods installation.\" >&2\n    exit 1\nfi\n";
			showEnvVarsInLog = 0;
		};
		675B318F6A887161F6BB0382 /* [CP] Copy Pods Resources */ = {
			isa = PBXShellScriptBuildPhase;
			buildActionMask = 2147483647;
			files = (
			);
			inputPaths = (
			);
			name = "[CP] Copy Pods Resources";
			outputPaths = (
			);
			runOnlyForDeploymentPostprocessing = 0;
			shellPath = /bin/sh;
			shellScript = "\"${SRCROOT}/Pods/Target Support Files/Pods-chat/Pods-chat-resources.sh\"\n";
			showEnvVarsInLog = 0;
		};
		E158409F44DCF4C2FC926B83 /* [CP] Embed Pods Frameworks */ = {
			isa = PBXShellScriptBuildPhase;
			buildActionMask = 2147483647;
			files = (
			);
			inputPaths = (
			);
			name = "[CP] Embed Pods Frameworks";
			outputPaths = (
			);
			runOnlyForDeploymentPostprocessing = 0;
			shellPath = /bin/sh;
			shellScript = "\"${SRCROOT}/Pods/Target Support Files/Pods-chat/Pods-chat-frameworks.sh\"\n";
			showEnvVarsInLog = 0;
		};
/* End PBXShellScriptBuildPhase section */

/* Begin PBXSourcesBuildPhase section */
		86FC5CEA1DE722EA003D96A1 /* Sources */ = {
			isa = PBXSourcesBuildPhase;
			buildActionMask = 2147483647;
			files = (
				860D7DE11DE97AD400769E6D /* LoginController.swift in Sources */,
				8613DE451DF5203B00CA21A2 /* NewMessageController.swift in Sources */,
				8613DE481DF52BA600CA21A2 /* User.swift in Sources */,
				86FC5CF41DE722EA003D96A1 /* MessagesController.swift in Sources */,
				86E8553F1DF568DE006B1A2F /* LoginController+handlers.swift in Sources */,
				86FC5CF21DE722EA003D96A1 /* AppDelegate.swift in Sources */,
				860D7DE41DE97BA000769E6D /* extension.swift in Sources */,
			);
			runOnlyForDeploymentPostprocessing = 0;
		};
/* End PBXSourcesBuildPhase section */

/* Begin PBXVariantGroup section */
		86FC5CF51DE722EA003D96A1 /* Main.storyboard */ = {
			isa = PBXVariantGroup;
			children = (
				86FC5CF61DE722EA003D96A1 /* Base */,
			);
			name = Main.storyboard;
			sourceTree = "<group>";
		};
		86FC5CFA1DE722EA003D96A1 /* LaunchScreen.storyboard */ = {
			isa = PBXVariantGroup;
			children = (
				86FC5CFB1DE722EA003D96A1 /* Base */,
			);
			name = LaunchScreen.storyboard;
			sourceTree = "<group>";
		};
/* End PBXVariantGroup section */

/* Begin XCBuildConfiguration section */
		86FC5CFE1DE722EA003D96A1 /* Debug */ = {
			isa = XCBuildConfiguration;
			buildSettings = {
				ALWAYS_SEARCH_USER_PATHS = NO;
				CLANG_ANALYZER_NONNULL = YES;
				CLANG_CXX_LANGUAGE_STANDARD = "gnu++0x";
				CLANG_CXX_LIBRARY = "libc++";
				CLANG_ENABLE_MODULES = YES;
				CLANG_ENABLE_OBJC_ARC = YES;
				CLANG_WARN_BOOL_CONVERSION = YES;
				CLANG_WARN_CONSTANT_CONVERSION = YES;
				CLANG_WARN_DIRECT_OBJC_ISA_USAGE = YES_ERROR;
				CLANG_WARN_DOCUMENTATION_COMMENTS = YES;
				CLANG_WARN_EMPTY_BODY = YES;
				CLANG_WARN_ENUM_CONVERSION = YES;
				CLANG_WARN_INFINITE_RECURSION = YES;
				CLANG_WARN_INT_CONVERSION = YES;
				CLANG_WARN_OBJC_ROOT_CLASS = YES_ERROR;
				CLANG_WARN_SUSPICIOUS_MOVE = YES;
				CLANG_WARN_SUSPICIOUS_MOVES = YES;
				CLANG_WARN_UNREACHABLE_CODE = YES;
				CLANG_WARN__DUPLICATE_METHOD_MATCH = YES;
				"CODE_SIGN_IDENTITY[sdk=iphoneos*]" = "iPhone Developer";
				COPY_PHASE_STRIP = NO;
				DEBUG_INFORMATION_FORMAT = dwarf;
				ENABLE_STRICT_OBJC_MSGSEND = YES;
				ENABLE_TESTABILITY = YES;
				GCC_C_LANGUAGE_STANDARD = gnu99;
				GCC_DYNAMIC_NO_PIC = NO;
				GCC_NO_COMMON_BLOCKS = YES;
				GCC_OPTIMIZATION_LEVEL = 0;
				GCC_PREPROCESSOR_DEFINITIONS = (
					"DEBUG=1",
					"$(inherited)",
				);
				GCC_WARN_64_TO_32_BIT_CONVERSION = YES;
				GCC_WARN_ABOUT_RETURN_TYPE = YES_ERROR;
				GCC_WARN_UNDECLARED_SELECTOR = YES;
				GCC_WARN_UNINITIALIZED_AUTOS = YES_AGGRESSIVE;
				GCC_WARN_UNUSED_FUNCTION = YES;
				GCC_WARN_UNUSED_VARIABLE = YES;
				IPHONEOS_DEPLOYMENT_TARGET = 10.1;
				MTL_ENABLE_DEBUG_INFO = YES;
				ONLY_ACTIVE_ARCH = YES;
				SDKROOT = iphoneos;
				SWIFT_ACTIVE_COMPILATION_CONDITIONS = DEBUG;
				SWIFT_OPTIMIZATION_LEVEL = "-Onone";
				TARGETED_DEVICE_FAMILY = "1,2";
			};
			name = Debug;
		};
		86FC5CFF1DE722EA003D96A1 /* Release */ = {
			isa = XCBuildConfiguration;
			buildSettings = {
				ALWAYS_SEARCH_USER_PATHS = NO;
				CLANG_ANALYZER_NONNULL = YES;
				CLANG_CXX_LANGUAGE_STANDARD = "gnu++0x";
				CLANG_CXX_LIBRARY = "libc++";
				CLANG_ENABLE_MODULES = YES;
				CLANG_ENABLE_OBJC_ARC = YES;
				CLANG_WARN_BOOL_CONVERSION = YES;
				CLANG_WARN_CONSTANT_CONVERSION = YES;
				CLANG_WARN_DIRECT_OBJC_ISA_USAGE = YES_ERROR;
				CLANG_WARN_DOCUMENTATION_COMMENTS = YES;
				CLANG_WARN_EMPTY_BODY = YES;
				CLANG_WARN_ENUM_CONVERSION = YES;
				CLANG_WARN_INFINITE_RECURSION = YES;
				CLANG_WARN_INT_CONVERSION = YES;
				CLANG_WARN_OBJC_ROOT_CLASS = YES_ERROR;
				CLANG_WARN_SUSPICIOUS_MOVE = YES;
				CLANG_WARN_SUSPICIOUS_MOVES = YES;
				CLANG_WARN_UNREACHABLE_CODE = YES;
				CLANG_WARN__DUPLICATE_METHOD_MATCH = YES;
				"CODE_SIGN_IDENTITY[sdk=iphoneos*]" = "iPhone Developer";
				COPY_PHASE_STRIP = NO;
				DEBUG_INFORMATION_FORMAT = "dwarf-with-dsym";
				ENABLE_NS_ASSERTIONS = NO;
				ENABLE_STRICT_OBJC_MSGSEND = YES;
				GCC_C_LANGUAGE_STANDARD = gnu99;
				GCC_NO_COMMON_BLOCKS = YES;
				GCC_WARN_64_TO_32_BIT_CONVERSION = YES;
				GCC_WARN_ABOUT_RETURN_TYPE = YES_ERROR;
				GCC_WARN_UNDECLARED_SELECTOR = YES;
				GCC_WARN_UNINITIALIZED_AUTOS = YES_AGGRESSIVE;
				GCC_WARN_UNUSED_FUNCTION = YES;
				GCC_WARN_UNUSED_VARIABLE = YES;
				IPHONEOS_DEPLOYMENT_TARGET = 10.1;
				MTL_ENABLE_DEBUG_INFO = NO;
				SDKROOT = iphoneos;
				SWIFT_OPTIMIZATION_LEVEL = "-Owholemodule";
				TARGETED_DEVICE_FAMILY = "1,2";
				VALIDATE_PRODUCT = YES;
			};
			name = Release;
		};
		86FC5D011DE722EA003D96A1 /* Debug */ = {
			isa = XCBuildConfiguration;
			baseConfigurationReference = E36F116D7F59AA695F9433CA /* Pods-chat.debug.xcconfig */;
			buildSettings = {
				ASSETCATALOG_COMPILER_APPICON_NAME = AppIcon;
				DEVELOPMENT_TEAM = NKH8NVM22B;
				INFOPLIST_FILE = chat/Info.plist;
				IPHONEOS_DEPLOYMENT_TARGET = 9.0;
				LD_RUNPATH_SEARCH_PATHS = "$(inherited) @executable_path/Frameworks";
				PRODUCT_BUNDLE_IDENTIFIER = com.chuanchung.chat;
				PRODUCT_NAME = "$(TARGET_NAME)";
				SWIFT_VERSION = 3.0;
			};
			name = Debug;
		};
		86FC5D021DE722EA003D96A1 /* Release */ = {
			isa = XCBuildConfiguration;
			baseConfigurationReference = 9746F48C0CD83EA73788C7D3 /* Pods-chat.release.xcconfig */;
			buildSettings = {
				ASSETCATALOG_COMPILER_APPICON_NAME = AppIcon;
				DEVELOPMENT_TEAM = NKH8NVM22B;
				INFOPLIST_FILE = chat/Info.plist;
				IPHONEOS_DEPLOYMENT_TARGET = 9.0;
				LD_RUNPATH_SEARCH_PATHS = "$(inherited) @executable_path/Frameworks";
				PRODUCT_BUNDLE_IDENTIFIER = com.chuanchung.chat;
				PRODUCT_NAME = "$(TARGET_NAME)";
				SWIFT_VERSION = 3.0;
			};
			name = Release;
		};
/* End XCBuildConfiguration section */

/* Begin XCConfigurationList section */
		86FC5CE91DE722EA003D96A1 /* Build configuration list for PBXProject "chat" */ = {
			isa = XCConfigurationList;
			buildConfigurations = (
				86FC5CFE1DE722EA003D96A1 /* Debug */,
				86FC5CFF1DE722EA003D96A1 /* Release */,
			);
			defaultConfigurationIsVisible = 0;
			defaultConfigurationName = Release;
		};
		86FC5D001DE722EA003D96A1 /* Build configuration list for PBXNativeTarget "chat" */ = {
			isa = XCConfigurationList;
			buildConfigurations = (
				86FC5D011DE722EA003D96A1 /* Debug */,
				86FC5D021DE722EA003D96A1 /* Release */,
			);
			defaultConfigurationIsVisible = 0;
			defaultConfigurationName = Release;
		};
/* End XCConfigurationList section */
	};
	rootObject = 86FC5CE61DE722EA003D96A1 /* Project object */;
}
